
Microsoft Visual Studio Solution File, Format Version 12.00
# Visual Studio Version 17
VisualStudioVersion = 17.7.34031.279
MinimumVisualStudioVersion = 10.0.40219.1
Project("{FAE04EC0-301F-11D3-BF4B-00C04F79EFBC}") = "GorevliKayitFormu", "GorevliKayitFormu\GorevliKayitFormu.csproj", "{7917C100-ADF8-4CE1-BF5C-A39875F74612}"
EndProject
Project("{54435603-DBB4-11D2-8724-00A0C9A8B90C}") = "GorevliKayitFormuSetup", "GorevliKayitFormuSetup\GorevliKayitFormuSetup.vdproj", "{FA37A8D4-EAC8-4398-B420-02A13F68B3FA}"
EndProject
Project("{54435603-DBB4-11D2-8724-00A0C9A8B90C}") = "GorevliKayitFormu2", "GorevliKayitFormu2\GorevliKayitFormu2.vdproj", "{330F20EC-62FE-47A3-827F-F4009F739C50}"
EndProject
Global
	GlobalSection(SolutionConfigurationPlatforms) = preSolution
		Debug|Any CPU = Debug|Any CPU
		Release|Any CPU = Release|Any CPU
	EndGlobalSection
	GlobalSection(ProjectConfigurationPlatforms) = postSolution
		{7917C100-ADF8-4CE1-BF5C-A39875F74612}.Debug|Any CPU.ActiveCfg = Debug|Any CPU
		{7917C100-ADF8-4CE1-BF5C-A39875F74612}.Debug|Any CPU.Build.0 = Debug|Any CPU
		{7917C100-ADF8-4CE1-BF5C-A39875F74612}.Release|Any CPU.ActiveCfg = Release|Any CPU
		{7917C100-ADF8-4CE1-BF5C-A39875F74612}.Release|Any CPU.Build.0 = Release|Any CPU
		{FA37A8D4-EAC8-4398-B420-02A13F68B3FA}.Debug|Any CPU.ActiveCfg = Debug
		{FA37A8D4-EAC8-4398-B420-02A13F68B3FA}.Release|Any CPU.ActiveCfg = Release
		{330F20EC-62FE-47A3-827F-F4009F739C50}.Debug|Any CPU.ActiveCfg = Debug
		{330F20EC-62FE-47A3-827F-F4009F739C50}.Release|Any CPU.ActiveCfg = Release
	EndGlobalSection
	GlobalSection(SolutionProperties) = preSolution
		HideSolutionNode = FALSE
	EndGlobalSection
	GlobalSection(ExtensibilityGlobals) = postSolution
		SolutionGuid = {ACB02E60-C84C-42FD-A3CC-93FCCEA1BE2E}
	EndGlobalSection
EndGlobal
